
Microsoft Visual Studio Solution File, Format Version 12.00
# Visual Studio Version 17
VisualStudioVersion = 17.14.36301.6 d17.14
MinimumVisualStudioVersion = 10.0.40219.1
Project("{FAE04EC0-301F-11D3-BF4B-00C04F79EFBC}") = "ApiCore", "ApiCore\ApiCore.csproj", "{6BC576DC-5F6C-4694-BF6A-999EA127754A}"
EndProject
Global
	GlobalSection(SolutionConfigurationPlatforms) = preSolution
		Debug|Any CPU = Debug|Any CPU
		Release|Any CPU = Release|Any CPU
	EndGlobalSection
	GlobalSection(ProjectConfigurationPlatforms) = postSolution
		{6BC576DC-5F6C-4694-BF6A-999EA127754A}.Debug|Any CPU.ActiveCfg = Debug|Any CPU
		{6BC576DC-5F6C-4694-BF6A-999EA127754A}.Debug|Any CPU.Build.0 = Debug|Any CPU
		{6BC576DC-5F6C-4694-BF6A-999EA127754A}.Release|Any CPU.ActiveCfg = Release|Any CPU
		{6BC576DC-5F6C-4694-BF6A-999EA127754A}.Release|Any CPU.Build.0 = Release|Any CPU
	EndGlobalSection
	GlobalSection(SolutionProperties) = preSolution
		HideSolutionNode = FALSE
	EndGlobalSection
	GlobalSection(ExtensibilityGlobals) = postSolution
		SolutionGuid = {D1519EAB-483E-4E6B-AC77-9771E9AAC979}
	EndGlobalSection
EndGlobal
